
Microsoft Visual Studio Solution File, Format Version 12.00
# Visual Studio Version 16
VisualStudioVersion = 16.0.32126.315
MinimumVisualStudioVersion = 10.0.40219.1
Project("{FAE04EC0-301F-11D3-BF4B-00C04F79EFBC}") = "ConfigurableFilterSort", "ConfigurableFilterSort\ConfigurableFilterSort.csproj", "{E960DAB9-6F57-4355-A085-0B910672AD2B}"
EndProject
Global
	GlobalSection(SolutionConfigurationPlatforms) = preSolution
		Debug|Any CPU = Debug|Any CPU
		Release|Any CPU = Release|Any CPU
	EndGlobalSection
	GlobalSection(ProjectConfigurationPlatforms) = postSolution
		{E960DAB9-6F57-4355-A085-0B910672AD2B}.Debug|Any CPU.ActiveCfg = Debug|Any CPU
		{E960DAB9-6F57-4355-A085-0B910672AD2B}.Debug|Any CPU.Build.0 = Debug|Any CPU
		{E960DAB9-6F57-4355-A085-0B910672AD2B}.Release|Any CPU.ActiveCfg = Release|Any CPU
		{E960DAB9-6F57-4355-A085-0B910672AD2B}.Release|Any CPU.Build.0 = Release|Any CPU
	EndGlobalSection
	GlobalSection(SolutionProperties) = preSolution
		HideSolutionNode = FALSE
	EndGlobalSection
	GlobalSection(ExtensibilityGlobals) = postSolution
		SolutionGuid = {6701EB90-7A95-4380-B94C-9FD91B45A11A}
	EndGlobalSection
EndGlobal
